
Microsoft Visual Studio Solution File, Format Version 12.00
# Visual Studio Version 17
VisualStudioVersion = 17.14.36221.1
MinimumVisualStudioVersion = 10.0.40219.1
Project("{FAE04EC0-301F-11D3-BF4B-00C04F79EFBC}") = "FirstWeek", "FirstWeek\FirstWeek.csproj", "{D5C76216-749E-E78D-BD7C-A8B1CD6C68C9}"
EndProject
Project("{FAE04EC0-301F-11D3-BF4B-00C04F79EFBC}") = "SecondWeek", "SecondWeek\SecondWeek.csproj", "{24ACEB22-D0CE-AB1F-4E24-BFDB71C2B248}"
EndProject
Project("{FAE04EC0-301F-11D3-BF4B-00C04F79EFBC}") = "ThirdWeek", "ThirdWeek\ThirdWeek.csproj", "{83464892-313A-450F-9F0F-79BB6C1E615F}"
EndProject
Project("{FAE04EC0-301F-11D3-BF4B-00C04F79EFBC}") = "Winforms", "Winforms\Winforms.csproj", "{5471AE2F-1773-4EC8-BB6D-08AB3C699F48}"
EndProject
Project("{FAE04EC0-301F-11D3-BF4B-00C04F79EFBC}") = "Teste", "Teste\Teste.csproj", "{54732C95-275A-4D72-ABDE-F75E16E5C616}"
EndProject
Global
	GlobalSection(SolutionConfigurationPlatforms) = preSolution
		Debug|Any CPU = Debug|Any CPU
		Release|Any CPU = Release|Any CPU
	EndGlobalSection
	GlobalSection(ProjectConfigurationPlatforms) = postSolution
		{D5C76216-749E-E78D-BD7C-A8B1CD6C68C9}.Debug|Any CPU.ActiveCfg = Debug|Any CPU
		{D5C76216-749E-E78D-BD7C-A8B1CD6C68C9}.Debug|Any CPU.Build.0 = Debug|Any CPU
		{D5C76216-749E-E78D-BD7C-A8B1CD6C68C9}.Release|Any CPU.ActiveCfg = Release|Any CPU
		{D5C76216-749E-E78D-BD7C-A8B1CD6C68C9}.Release|Any CPU.Build.0 = Release|Any CPU
		{24ACEB22-D0CE-AB1F-4E24-BFDB71C2B248}.Debug|Any CPU.ActiveCfg = Debug|Any CPU
		{24ACEB22-D0CE-AB1F-4E24-BFDB71C2B248}.Debug|Any CPU.Build.0 = Debug|Any CPU
		{24ACEB22-D0CE-AB1F-4E24-BFDB71C2B248}.Release|Any CPU.ActiveCfg = Release|Any CPU
		{24ACEB22-D0CE-AB1F-4E24-BFDB71C2B248}.Release|Any CPU.Build.0 = Release|Any CPU
		{83464892-313A-450F-9F0F-79BB6C1E615F}.Debug|Any CPU.ActiveCfg = Debug|Any CPU
		{83464892-313A-450F-9F0F-79BB6C1E615F}.Debug|Any CPU.Build.0 = Debug|Any CPU
		{83464892-313A-450F-9F0F-79BB6C1E615F}.Release|Any CPU.ActiveCfg = Release|Any CPU
		{83464892-313A-450F-9F0F-79BB6C1E615F}.Release|Any CPU.Build.0 = Release|Any CPU
		{5471AE2F-1773-4EC8-BB6D-08AB3C699F48}.Debug|Any CPU.ActiveCfg = Debug|Any CPU
		{5471AE2F-1773-4EC8-BB6D-08AB3C699F48}.Debug|Any CPU.Build.0 = Debug|Any CPU
		{5471AE2F-1773-4EC8-BB6D-08AB3C699F48}.Release|Any CPU.ActiveCfg = Release|Any CPU
		{5471AE2F-1773-4EC8-BB6D-08AB3C699F48}.Release|Any CPU.Build.0 = Release|Any CPU
		{54732C95-275A-4D72-ABDE-F75E16E5C616}.Debug|Any CPU.ActiveCfg = Debug|Any CPU
		{54732C95-275A-4D72-ABDE-F75E16E5C616}.Debug|Any CPU.Build.0 = Debug|Any CPU
		{54732C95-275A-4D72-ABDE-F75E16E5C616}.Release|Any CPU.ActiveCfg = Release|Any CPU
		{54732C95-275A-4D72-ABDE-F75E16E5C616}.Release|Any CPU.Build.0 = Release|Any CPU
	EndGlobalSection
	GlobalSection(SolutionProperties) = preSolution
		HideSolutionNode = FALSE
	EndGlobalSection
	GlobalSection(ExtensibilityGlobals) = postSolution
		SolutionGuid = {C9DE56CA-E987-41CC-A533-DBE838332AFC}
	EndGlobalSection
EndGlobal
